
Microsoft Visual Studio Solution File, Format Version 12.00
# Visual Studio 2013
VisualStudioVersion = 12.0.21005.1
MinimumVisualStudioVersion = 10.0.40219.1
Project("{8BC9CEB8-8B4A-11D0-8D11-00A0C91BC942}") = "打家劫舍环形", "打家劫舍环形\打家劫舍环形.vcxproj", "{CA09CA6E-22BD-4B2C-B433-5487EF4FD7D6}"
EndProject
Global
	GlobalSection(SolutionConfigurationPlatforms) = preSolution
		Debug|Win32 = Debug|Win32
		Release|Win32 = Release|Win32
	EndGlobalSection
	GlobalSection(ProjectConfigurationPlatforms) = postSolution
		{CA09CA6E-22BD-4B2C-B433-5487EF4FD7D6}.Debug|Win32.ActiveCfg = Debug|Win32
		{CA09CA6E-22BD-4B2C-B433-5487EF4FD7D6}.Debug|Win32.Build.0 = Debug|Win32
		{CA09CA6E-22BD-4B2C-B433-5487EF4FD7D6}.Release|Win32.ActiveCfg = Release|Win32
		{CA09CA6E-22BD-4B2C-B433-5487EF4FD7D6}.Release|Win32.Build.0 = Release|Win32
	EndGlobalSection
	GlobalSection(SolutionProperties) = preSolution
		HideSolutionNode = FALSE
	EndGlobalSection
EndGlobal
